
Microsoft Visual Studio Solution File, Format Version 12.00
# Visual Studio Version 16
VisualStudioVersion = 16.0.29111.141
MinimumVisualStudioVersion = 10.0.40219.1
Project("{2150E333-8FDC-42A3-9474-1A3956D46DE8}") = "src", "src", "{E0268660-B65F-4267-98D2-566C214695C7}"
EndProject
Project("{2150E333-8FDC-42A3-9474-1A3956D46DE8}") = "Services", "Services", "{890484D9-4CF5-45A5-9FF9-7C128524102B}"
EndProject
Project("{2150E333-8FDC-42A3-9474-1A3956D46DE8}") = "Basket", "Basket", "{885CA10F-A6E5-480F-BD52-B1860ACDD161}"
EndProject
Project("{9A19103F-16F7-4668-BE54-9A1E7A4F7556}") = "Basket.API", "CoursePlanner.API\Basket.API.csproj", "{CA12B37A-9B6B-4E5E-9DC9-FA62C24F2870}"
EndProject
Project("{2150E333-8FDC-42A3-9474-1A3956D46DE8}") = "tests", "tests", "{A3726A45-B344-4139-B7C0-199E8527A14C}"
EndProject
Project("{9A19103F-16F7-4668-BE54-9A1E7A4F7556}") = "Basket.FunctionalTests", "CoursePlanner.FunctionalTests\Basket.FunctionalTests.csproj", "{443B525F-CC8A-4435-9B7C-E70F62BA3E33}"
EndProject
Project("{9A19103F-16F7-4668-BE54-9A1E7A4F7556}") = "Basket.UnitTests", "CoursePlanner.UnitTests\Basket.UnitTests.csproj", "{A4ACF84D-6CFC-44A6-9D8D-F1B785001662}"
EndProject
Project("{2150E333-8FDC-42A3-9474-1A3956D46DE8}") = "BuildingBlocks", "BuildingBlocks", "{D7D01F23-0E39-4B33-B299-1B193C050A0E}"
EndProject
Project("{9A19103F-16F7-4668-BE54-9A1E7A4F7556}") = "EventBus", "EventBus\EventBus.csproj", "{4942D343-CF21-4978-A9E4-8D7508DE56C4}"
EndProject
Project("{9A19103F-16F7-4668-BE54-9A1E7A4F7556}") = "EventBusRabbitMQ", "EventBusRabbitMQ\EventBusRabbitMQ.csproj", "{2EC217C6-5501-45C8-8029-8576EF9E9ECE}"
EndProject
Project("{9A19103F-16F7-4668-BE54-9A1E7A4F7556}") = "EventBusServiceBus", "EventBusServiceBus\EventBusServiceBus.csproj", "{48353CC6-C617-4EB2-8E27-D557BF3A5346}"
EndProject
Project("{9A19103F-16F7-4668-BE54-9A1E7A4F7556}") = "IntegrationEventLogEF", "IntegrationEventLogEF\IntegrationEventLogEF.csproj", "{2988A3D6-8D7E-43CA-82AA-C29C052A107B}"
EndProject
Project("{FAE04EC0-301F-11D3-BF4B-00C04F79EFBC}") = "WebMVC", "WebMVC\WebMVC.csproj", "{F963FFD9-51E4-4EAA-B4B0-69F13EAF8947}"
EndProject
Project("{2150E333-8FDC-42A3-9474-1A3956D46DE8}") = "Identity", "Identity", "{781460B4-007B-4FE4-903D-34C8179EAC4B}"
EndProject
Project("{2150E333-8FDC-42A3-9474-1A3956D46DE8}") = "Web Apps", "Web Apps", "{C595D11E-6968-4B1B-8B50-E7F662C9F62B}"
EndProject
Project("{2150E333-8FDC-42A3-9474-1A3956D46DE8}") = "test", "test", "{8352AA1E-6250-404C-9D87-613634803625}"
EndProject
Project("{FAE04EC0-301F-11D3-BF4B-00C04F79EFBC}") = "EDUCore.UnitTests", "EDUCore.UnitTests\EDUCore.UnitTests.csproj", "{C7686E72-C48F-4607-A40E-FDF7209C4761}"
EndProject
Project("{2150E333-8FDC-42A3-9474-1A3956D46DE8}") = "Mobile Apps", "Mobile Apps", "{2B50B74A-ECF2-420C-8523-10438A1120C7}"
EndProject
Project("{2150E333-8FDC-42A3-9474-1A3956D46DE8}") = "ServicesTests", "ServicesTests", "{59D1CB30-7E44-42BF-AF0A-7B206046587C}"
EndProject
Project("{FAE04EC0-301F-11D3-BF4B-00C04F79EFBC}") = "Application.FunctionalTests", "Application.FunctionalTests\Application.FunctionalTests.csproj", "{45676714-5796-44B7-AD36-DA5143AD951D}"
EndProject
Project("{FAE04EC0-301F-11D3-BF4B-00C04F79EFBC}") = "LoadTests", "LoadTests\LoadTests.csproj", "{01557FED-1996-4741-8718-B37B46ED3319}"
EndProject
Project("{2150E333-8FDC-42A3-9474-1A3956D46DE8}") = "ApiGateways", "ApiGateways", "{63019360-06FC-4341-9947-576FDEA9F21D}"
EndProject
Project("{2150E333-8FDC-42A3-9474-1A3956D46DE8}") = "MobileApps", "MobileApps", "{2D446424-7114-47BB-B221-E670F423FC90}"
EndProject
Project("{2150E333-8FDC-42A3-9474-1A3956D46DE8}") = "ApiGw-Base", "ApiGw-Base", "{DEC9690D-F83B-408C-8EE8-0B52D203A5EF}"
EndProject
Project("{FAE04EC0-301F-11D3-BF4B-00C04F79EFBC}") = "OcelotApiGw", "OcelotApiGw\OcelotApiGw.csproj", "{6C6FAD06-DB8C-453E-B711-89F4789D6C72}"
EndProject
Project("{2150E333-8FDC-42A3-9474-1A3956D46DE8}") = "Web.Bff.Shopping", "Web.Bff.Shopping", "{7D1116E7-73A6-4EB1-8FDA-BF64D9DECC08}"
	ProjectSection(SolutionItems) = preProject
		configuration.json = configuration.json
	EndProjectSection
EndProject
Project("{FAE04EC0-301F-11D3-BF4B-00C04F79EFBC}") = "Web.Shopping.HttpAggregator", "Web.Planning.HttpAggregator\Web.Shopping.HttpAggregator.csproj", "{0D39F3AF-3AF9-4DEB-A661-3169933E46CA}"
EndProject
Project("{FAE04EC0-301F-11D3-BF4B-00C04F79EFBC}") = "Devspaces.Support", "Devspaces.Suuport\Devspaces.Support.csproj", "{220AEED6-B58D-46C3-AC79-3EBEC997F895}"
EndProject
Project("{2150E333-8FDC-42A3-9474-1A3956D46DE8}") = "Catalog", "Catalog", "{BB0F0AF6-002F-43E8-8F6C-7E9207C3DDCE}"
EndProject
Project("{2150E333-8FDC-42A3-9474-1A3956D46DE8}") = "tests", "tests", "{A155120B-4781-4028-810F-ADF6EB873DBA}"
EndProject
Project("{FAE04EC0-301F-11D3-BF4B-00C04F79EFBC}") = "Catalog.API", "Catalog.API\Catalog.API.csproj", "{7FB4A0BB-33DF-414F-96A6-5C2FA1A97FCA}"
EndProject
Project("{2150E333-8FDC-42A3-9474-1A3956D46DE8}") = "WebHost", "WebHost", "{D6BC42ED-4ABF-48DE-B2B2-9B3B88346DFA}"
EndProject
Project("{FAE04EC0-301F-11D3-BF4B-00C04F79EFBC}") = "WebHost.Customization", "WebHost.Customization\WebHost.Customization.csproj", "{9BB6D0DA-15E2-45C0-AD80-765AB5FC5543}"
EndProject
Project("{FAE04EC0-301F-11D3-BF4B-00C04F79EFBC}") = "Catalog.FunctionalTests", "Catalog.FunctionalTests\Catalog.FunctionalTests.csproj", "{159BEF91-48B9-4954-9305-78B8ED92B958}"
EndProject
Project("{FAE04EC0-301F-11D3-BF4B-00C04F79EFBC}") = "Catalog.UnitTests", "Catalog.UnitTests\Catalog.UnitTests.csproj", "{49BFB0BE-FB52-4081-8845-AA465DEAB0F7}"
EndProject
Global
	GlobalSection(SolutionConfigurationPlatforms) = preSolution
		Debug|Any CPU = Debug|Any CPU
		Release|Any CPU = Release|Any CPU
	EndGlobalSection
	GlobalSection(ProjectConfigurationPlatforms) = postSolution
		{CA12B37A-9B6B-4E5E-9DC9-FA62C24F2870}.Debug|Any CPU.ActiveCfg = Debug|Any CPU
		{CA12B37A-9B6B-4E5E-9DC9-FA62C24F2870}.Debug|Any CPU.Build.0 = Debug|Any CPU
		{CA12B37A-9B6B-4E5E-9DC9-FA62C24F2870}.Release|Any CPU.ActiveCfg = Release|Any CPU
		{CA12B37A-9B6B-4E5E-9DC9-FA62C24F2870}.Release|Any CPU.Build.0 = Release|Any CPU
		{443B525F-CC8A-4435-9B7C-E70F62BA3E33}.Debug|Any CPU.ActiveCfg = Debug|Any CPU
		{443B525F-CC8A-4435-9B7C-E70F62BA3E33}.Debug|Any CPU.Build.0 = Debug|Any CPU
		{443B525F-CC8A-4435-9B7C-E70F62BA3E33}.Release|Any CPU.ActiveCfg = Release|Any CPU
		{443B525F-CC8A-4435-9B7C-E70F62BA3E33}.Release|Any CPU.Build.0 = Release|Any CPU
		{A4ACF84D-6CFC-44A6-9D8D-F1B785001662}.Debug|Any CPU.ActiveCfg = Debug|Any CPU
		{A4ACF84D-6CFC-44A6-9D8D-F1B785001662}.Debug|Any CPU.Build.0 = Debug|Any CPU
		{A4ACF84D-6CFC-44A6-9D8D-F1B785001662}.Release|Any CPU.ActiveCfg = Release|Any CPU
		{A4ACF84D-6CFC-44A6-9D8D-F1B785001662}.Release|Any CPU.Build.0 = Release|Any CPU
		{4942D343-CF21-4978-A9E4-8D7508DE56C4}.Debug|Any CPU.ActiveCfg = Debug|Any CPU
		{4942D343-CF21-4978-A9E4-8D7508DE56C4}.Debug|Any CPU.Build.0 = Debug|Any CPU
		{4942D343-CF21-4978-A9E4-8D7508DE56C4}.Release|Any CPU.ActiveCfg = Release|Any CPU
		{4942D343-CF21-4978-A9E4-8D7508DE56C4}.Release|Any CPU.Build.0 = Release|Any CPU
		{2EC217C6-5501-45C8-8029-8576EF9E9ECE}.Debug|Any CPU.ActiveCfg = Debug|Any CPU
		{2EC217C6-5501-45C8-8029-8576EF9E9ECE}.Debug|Any CPU.Build.0 = Debug|Any CPU
		{2EC217C6-5501-45C8-8029-8576EF9E9ECE}.Release|Any CPU.ActiveCfg = Release|Any CPU
		{2EC217C6-5501-45C8-8029-8576EF9E9ECE}.Release|Any CPU.Build.0 = Release|Any CPU
		{48353CC6-C617-4EB2-8E27-D557BF3A5346}.Debug|Any CPU.ActiveCfg = Debug|Any CPU
		{48353CC6-C617-4EB2-8E27-D557BF3A5346}.Debug|Any CPU.Build.0 = Debug|Any CPU
		{48353CC6-C617-4EB2-8E27-D557BF3A5346}.Release|Any CPU.ActiveCfg = Release|Any CPU
		{48353CC6-C617-4EB2-8E27-D557BF3A5346}.Release|Any CPU.Build.0 = Release|Any CPU
		{2988A3D6-8D7E-43CA-82AA-C29C052A107B}.Debug|Any CPU.ActiveCfg = Debug|Any CPU
		{2988A3D6-8D7E-43CA-82AA-C29C052A107B}.Debug|Any CPU.Build.0 = Debug|Any CPU
		{2988A3D6-8D7E-43CA-82AA-C29C052A107B}.Release|Any CPU.ActiveCfg = Release|Any CPU
		{2988A3D6-8D7E-43CA-82AA-C29C052A107B}.Release|Any CPU.Build.0 = Release|Any CPU
		{F963FFD9-51E4-4EAA-B4B0-69F13EAF8947}.Debug|Any CPU.ActiveCfg = Debug|Any CPU
		{F963FFD9-51E4-4EAA-B4B0-69F13EAF8947}.Debug|Any CPU.Build.0 = Debug|Any CPU
		{F963FFD9-51E4-4EAA-B4B0-69F13EAF8947}.Release|Any CPU.ActiveCfg = Release|Any CPU
		{F963FFD9-51E4-4EAA-B4B0-69F13EAF8947}.Release|Any CPU.Build.0 = Release|Any CPU
		{C7686E72-C48F-4607-A40E-FDF7209C4761}.Debug|Any CPU.ActiveCfg = Debug|Any CPU
		{C7686E72-C48F-4607-A40E-FDF7209C4761}.Debug|Any CPU.Build.0 = Debug|Any CPU
		{C7686E72-C48F-4607-A40E-FDF7209C4761}.Release|Any CPU.ActiveCfg = Release|Any CPU
		{C7686E72-C48F-4607-A40E-FDF7209C4761}.Release|Any CPU.Build.0 = Release|Any CPU
		{45676714-5796-44B7-AD36-DA5143AD951D}.Debug|Any CPU.ActiveCfg = Debug|Any CPU
		{45676714-5796-44B7-AD36-DA5143AD951D}.Debug|Any CPU.Build.0 = Debug|Any CPU
		{45676714-5796-44B7-AD36-DA5143AD951D}.Release|Any CPU.ActiveCfg = Release|Any CPU
		{45676714-5796-44B7-AD36-DA5143AD951D}.Release|Any CPU.Build.0 = Release|Any CPU
		{01557FED-1996-4741-8718-B37B46ED3319}.Debug|Any CPU.ActiveCfg = Debug|Any CPU
		{01557FED-1996-4741-8718-B37B46ED3319}.Debug|Any CPU.Build.0 = Debug|Any CPU
		{01557FED-1996-4741-8718-B37B46ED3319}.Release|Any CPU.ActiveCfg = Release|Any CPU
		{01557FED-1996-4741-8718-B37B46ED3319}.Release|Any CPU.Build.0 = Release|Any CPU
		{6C6FAD06-DB8C-453E-B711-89F4789D6C72}.Debug|Any CPU.ActiveCfg = Debug|Any CPU
		{6C6FAD06-DB8C-453E-B711-89F4789D6C72}.Debug|Any CPU.Build.0 = Debug|Any CPU
		{6C6FAD06-DB8C-453E-B711-89F4789D6C72}.Release|Any CPU.ActiveCfg = Release|Any CPU
		{6C6FAD06-DB8C-453E-B711-89F4789D6C72}.Release|Any CPU.Build.0 = Release|Any CPU
		{0D39F3AF-3AF9-4DEB-A661-3169933E46CA}.Debug|Any CPU.ActiveCfg = Debug|Any CPU
		{0D39F3AF-3AF9-4DEB-A661-3169933E46CA}.Debug|Any CPU.Build.0 = Debug|Any CPU
		{0D39F3AF-3AF9-4DEB-A661-3169933E46CA}.Release|Any CPU.ActiveCfg = Release|Any CPU
		{0D39F3AF-3AF9-4DEB-A661-3169933E46CA}.Release|Any CPU.Build.0 = Release|Any CPU
		{220AEED6-B58D-46C3-AC79-3EBEC997F895}.Debug|Any CPU.ActiveCfg = Debug|Any CPU
		{220AEED6-B58D-46C3-AC79-3EBEC997F895}.Debug|Any CPU.Build.0 = Debug|Any CPU
		{220AEED6-B58D-46C3-AC79-3EBEC997F895}.Release|Any CPU.ActiveCfg = Release|Any CPU
		{220AEED6-B58D-46C3-AC79-3EBEC997F895}.Release|Any CPU.Build.0 = Release|Any CPU
		{7FB4A0BB-33DF-414F-96A6-5C2FA1A97FCA}.Debug|Any CPU.ActiveCfg = Debug|Any CPU
		{7FB4A0BB-33DF-414F-96A6-5C2FA1A97FCA}.Debug|Any CPU.Build.0 = Debug|Any CPU
		{7FB4A0BB-33DF-414F-96A6-5C2FA1A97FCA}.Release|Any CPU.ActiveCfg = Release|Any CPU
		{7FB4A0BB-33DF-414F-96A6-5C2FA1A97FCA}.Release|Any CPU.Build.0 = Release|Any CPU
		{9BB6D0DA-15E2-45C0-AD80-765AB5FC5543}.Debug|Any CPU.ActiveCfg = Debug|Any CPU
		{9BB6D0DA-15E2-45C0-AD80-765AB5FC5543}.Debug|Any CPU.Build.0 = Debug|Any CPU
		{9BB6D0DA-15E2-45C0-AD80-765AB5FC5543}.Release|Any CPU.ActiveCfg = Release|Any CPU
		{9BB6D0DA-15E2-45C0-AD80-765AB5FC5543}.Release|Any CPU.Build.0 = Release|Any CPU
		{159BEF91-48B9-4954-9305-78B8ED92B958}.Debug|Any CPU.ActiveCfg = Debug|Any CPU
		{159BEF91-48B9-4954-9305-78B8ED92B958}.Debug|Any CPU.Build.0 = Debug|Any CPU
		{159BEF91-48B9-4954-9305-78B8ED92B958}.Release|Any CPU.ActiveCfg = Release|Any CPU
		{159BEF91-48B9-4954-9305-78B8ED92B958}.Release|Any CPU.Build.0 = Release|Any CPU
		{49BFB0BE-FB52-4081-8845-AA465DEAB0F7}.Debug|Any CPU.ActiveCfg = Debug|Any CPU
		{49BFB0BE-FB52-4081-8845-AA465DEAB0F7}.Debug|Any CPU.Build.0 = Debug|Any CPU
		{49BFB0BE-FB52-4081-8845-AA465DEAB0F7}.Release|Any CPU.ActiveCfg = Release|Any CPU
		{49BFB0BE-FB52-4081-8845-AA465DEAB0F7}.Release|Any CPU.Build.0 = Release|Any CPU
	EndGlobalSection
	GlobalSection(SolutionProperties) = preSolution
		HideSolutionNode = FALSE
	EndGlobalSection
	GlobalSection(NestedProjects) = preSolution
		{890484D9-4CF5-45A5-9FF9-7C128524102B} = {E0268660-B65F-4267-98D2-566C214695C7}
		{885CA10F-A6E5-480F-BD52-B1860ACDD161} = {890484D9-4CF5-45A5-9FF9-7C128524102B}
		{CA12B37A-9B6B-4E5E-9DC9-FA62C24F2870} = {885CA10F-A6E5-480F-BD52-B1860ACDD161}
		{A3726A45-B344-4139-B7C0-199E8527A14C} = {885CA10F-A6E5-480F-BD52-B1860ACDD161}
		{443B525F-CC8A-4435-9B7C-E70F62BA3E33} = {A3726A45-B344-4139-B7C0-199E8527A14C}
		{A4ACF84D-6CFC-44A6-9D8D-F1B785001662} = {A3726A45-B344-4139-B7C0-199E8527A14C}
		{D7D01F23-0E39-4B33-B299-1B193C050A0E} = {E0268660-B65F-4267-98D2-566C214695C7}
		{4942D343-CF21-4978-A9E4-8D7508DE56C4} = {D7D01F23-0E39-4B33-B299-1B193C050A0E}
		{2EC217C6-5501-45C8-8029-8576EF9E9ECE} = {D7D01F23-0E39-4B33-B299-1B193C050A0E}
		{48353CC6-C617-4EB2-8E27-D557BF3A5346} = {D7D01F23-0E39-4B33-B299-1B193C050A0E}
		{2988A3D6-8D7E-43CA-82AA-C29C052A107B} = {D7D01F23-0E39-4B33-B299-1B193C050A0E}
		{F963FFD9-51E4-4EAA-B4B0-69F13EAF8947} = {C595D11E-6968-4B1B-8B50-E7F662C9F62B}
		{781460B4-007B-4FE4-903D-34C8179EAC4B} = {890484D9-4CF5-45A5-9FF9-7C128524102B}
		{C595D11E-6968-4B1B-8B50-E7F662C9F62B} = {E0268660-B65F-4267-98D2-566C214695C7}
		{C7686E72-C48F-4607-A40E-FDF7209C4761} = {2B50B74A-ECF2-420C-8523-10438A1120C7}
		{2B50B74A-ECF2-420C-8523-10438A1120C7} = {8352AA1E-6250-404C-9D87-613634803625}
		{59D1CB30-7E44-42BF-AF0A-7B206046587C} = {8352AA1E-6250-404C-9D87-613634803625}
		{45676714-5796-44B7-AD36-DA5143AD951D} = {59D1CB30-7E44-42BF-AF0A-7B206046587C}
		{01557FED-1996-4741-8718-B37B46ED3319} = {59D1CB30-7E44-42BF-AF0A-7B206046587C}
		{63019360-06FC-4341-9947-576FDEA9F21D} = {E0268660-B65F-4267-98D2-566C214695C7}
		{2D446424-7114-47BB-B221-E670F423FC90} = {E0268660-B65F-4267-98D2-566C214695C7}
		{DEC9690D-F83B-408C-8EE8-0B52D203A5EF} = {63019360-06FC-4341-9947-576FDEA9F21D}
		{6C6FAD06-DB8C-453E-B711-89F4789D6C72} = {DEC9690D-F83B-408C-8EE8-0B52D203A5EF}
		{7D1116E7-73A6-4EB1-8FDA-BF64D9DECC08} = {63019360-06FC-4341-9947-576FDEA9F21D}
		{0D39F3AF-3AF9-4DEB-A661-3169933E46CA} = {7D1116E7-73A6-4EB1-8FDA-BF64D9DECC08}
		{220AEED6-B58D-46C3-AC79-3EBEC997F895} = {D7D01F23-0E39-4B33-B299-1B193C050A0E}
		{BB0F0AF6-002F-43E8-8F6C-7E9207C3DDCE} = {890484D9-4CF5-45A5-9FF9-7C128524102B}
		{A155120B-4781-4028-810F-ADF6EB873DBA} = {BB0F0AF6-002F-43E8-8F6C-7E9207C3DDCE}
		{7FB4A0BB-33DF-414F-96A6-5C2FA1A97FCA} = {BB0F0AF6-002F-43E8-8F6C-7E9207C3DDCE}
		{D6BC42ED-4ABF-48DE-B2B2-9B3B88346DFA} = {D7D01F23-0E39-4B33-B299-1B193C050A0E}
		{9BB6D0DA-15E2-45C0-AD80-765AB5FC5543} = {D6BC42ED-4ABF-48DE-B2B2-9B3B88346DFA}
		{159BEF91-48B9-4954-9305-78B8ED92B958} = {A155120B-4781-4028-810F-ADF6EB873DBA}
		{49BFB0BE-FB52-4081-8845-AA465DEAB0F7} = {A155120B-4781-4028-810F-ADF6EB873DBA}
	EndGlobalSection
	GlobalSection(ExtensibilityGlobals) = postSolution
		SolutionGuid = {1AAC9F07-BCED-49B9-AC5B-F1893602E7B9}
	EndGlobalSection
EndGlobal
